// !$*UTF8*$!
{
	archiveVersion = 1;
	classes = {
	};
	objectVersion = 56;
	objects = {

/* Begin PBXBuildFile section */
		1F3A4D522ADC8164008B4680 /* Environment.swift in Sources */ = {isa = PBXBuildFile; fileRef = 1F3A4D512ADC8164008B4680 /* Environment.swift */; };
		1F3A4D542ADD91A3008B4680 /* GoogleService-Info.plist in Resources */ = {isa = PBXBuildFile; fileRef = 1F3A4D532ADD91A3008B4680 /* GoogleService-Info.plist */; };
		1F94AD742AC05E1B00D747A9 /* TabbarController.swift in Sources */ = {isa = PBXBuildFile; fileRef = 1F94AD732AC05E1B00D747A9 /* TabbarController.swift */; };
		1F94AD762AC05FB700D747A9 /* RoutesViewController.swift in Sources */ = {isa = PBXBuildFile; fileRef = 1F94AD752AC05FB700D747A9 /* RoutesViewController.swift */; };
		1F94AD782AC05FC100D747A9 /* GuidesViewController.swift in Sources */ = {isa = PBXBuildFile; fileRef = 1F94AD772AC05FC100D747A9 /* GuidesViewController.swift */; };
		1F94AD7A2AC0641D00D747A9 /* MapViewController.swift in Sources */ = {isa = PBXBuildFile; fileRef = 1F94AD792AC0641D00D747A9 /* MapViewController.swift */; };
		1F94AD7C2AC064A400D747A9 /* FavoritesViewController.swift in Sources */ = {isa = PBXBuildFile; fileRef = 1F94AD7B2AC064A400D747A9 /* FavoritesViewController.swift */; };
		1F94AD892AC0859900D747A9 /* RouteCell.swift in Sources */ = {isa = PBXBuildFile; fileRef = 1F94AD882AC0859900D747A9 /* RouteCell.swift */; };
		1F94AD8C2AC08F5000D747A9 /* RouteModel.swift in Sources */ = {isa = PBXBuildFile; fileRef = 1F94AD8B2AC08F5000D747A9 /* RouteModel.swift */; };
		1F94AD8E2AC1FA8D00D747A9 /* RouteDetailsViewController.swift in Sources */ = {isa = PBXBuildFile; fileRef = 1F94AD8D2AC1FA8D00D747A9 /* RouteDetailsViewController.swift */; };
		1FCEE5E72B0BD2B800A3965C /* CordinatesModel.swift in Sources */ = {isa = PBXBuildFile; fileRef = 1FCEE5E62B0BD2B800A3965C /* CordinatesModel.swift */; };
		1FEF4BEF2AE3F16900DD9E90 /* GuideModel.swift in Sources */ = {isa = PBXBuildFile; fileRef = 1FEF4BEE2AE3F16900DD9E90 /* GuideModel.swift */; };
		1FEF4BF12AE3F1C200DD9E90 /* GuideCell.swift in Sources */ = {isa = PBXBuildFile; fileRef = 1FEF4BF02AE3F1C200DD9E90 /* GuideCell.swift */; };
		1FEF4BF32AE3FA9100DD9E90 /* GuideDetailsViewController.swift in Sources */ = {isa = PBXBuildFile; fileRef = 1FEF4BF22AE3FA9100DD9E90 /* GuideDetailsViewController.swift */; };
		1FEF4BF52AE4060500DD9E90 /* MapModel.swift in Sources */ = {isa = PBXBuildFile; fileRef = 1FEF4BF42AE4060500DD9E90 /* MapModel.swift */; };
		1FF32AEA2ABB77C2008EB819 /* AppDelegate.swift in Sources */ = {isa = PBXBuildFile; fileRef = 1FF32AE92ABB77C2008EB819 /* AppDelegate.swift */; };
		1FF32AEC2ABB77C2008EB819 /* SceneDelegate.swift in Sources */ = {isa = PBXBuildFile; fileRef = 1FF32AEB2ABB77C2008EB819 /* SceneDelegate.swift */; };
		1FF32AF32ABB77C4008EB819 /* Assets.xcassets in Resources */ = {isa = PBXBuildFile; fileRef = 1FF32AF22ABB77C4008EB819 /* Assets.xcassets */; };
		1FF32AF62ABB77C4008EB819 /* LaunchScreen.storyboard in Resources */ = {isa = PBXBuildFile; fileRef = 1FF32AF42ABB77C4008EB819 /* LaunchScreen.storyboard */; };
		CBE1F61A6195A5DAF3E661AF /* Pods_travel_me.framework in Frameworks */ = {isa = PBXBuildFile; fileRef = 83FD404791F31D1DF1E0DCE3 /* Pods_travel_me.framework */; };
/* End PBXBuildFile section */

/* Begin PBXFileReference section */
		1BCEBEBDE8980AF0D4240D3B /* Pods-travel.me.release.xcconfig */ = {isa = PBXFileReference; includeInIndex = 1; lastKnownFileType = text.xcconfig; name = "Pods-travel.me.release.xcconfig"; path = "Target Support Files/Pods-travel.me/Pods-travel.me.release.xcconfig"; sourceTree = "<group>"; };
		1F3A4D512ADC8164008B4680 /* Environment.swift */ = {isa = PBXFileReference; lastKnownFileType = sourcecode.swift; path = Environment.swift; sourceTree = "<group>"; };
		1F3A4D532ADD91A3008B4680 /* GoogleService-Info.plist */ = {isa = PBXFileReference; fileEncoding = 4; lastKnownFileType = text.plist.xml; path = "GoogleService-Info.plist"; sourceTree = "<group>"; };
		1F94AD732AC05E1B00D747A9 /* TabbarController.swift */ = {isa = PBXFileReference; lastKnownFileType = sourcecode.swift; path = TabbarController.swift; sourceTree = "<group>"; };
		1F94AD752AC05FB700D747A9 /* RoutesViewController.swift */ = {isa = PBXFileReference; lastKnownFileType = sourcecode.swift; path = RoutesViewController.swift; sourceTree = "<group>"; };
		1F94AD772AC05FC100D747A9 /* GuidesViewController.swift */ = {isa = PBXFileReference; lastKnownFileType = sourcecode.swift; path = GuidesViewController.swift; sourceTree = "<group>"; };
		1F94AD792AC0641D00D747A9 /* MapViewController.swift */ = {isa = PBXFileReference; lastKnownFileType = sourcecode.swift; path = MapViewController.swift; sourceTree = "<group>"; };
		1F94AD7B2AC064A400D747A9 /* FavoritesViewController.swift */ = {isa = PBXFileReference; lastKnownFileType = sourcecode.swift; path = FavoritesViewController.swift; sourceTree = "<group>"; };
		1F94AD882AC0859900D747A9 /* RouteCell.swift */ = {isa = PBXFileReference; lastKnownFileType = sourcecode.swift; path = RouteCell.swift; sourceTree = "<group>"; };
		1F94AD8B2AC08F5000D747A9 /* RouteModel.swift */ = {isa = PBXFileReference; lastKnownFileType = sourcecode.swift; path = RouteModel.swift; sourceTree = "<group>"; };
		1F94AD8D2AC1FA8D00D747A9 /* RouteDetailsViewController.swift */ = {isa = PBXFileReference; lastKnownFileType = sourcecode.swift; path = RouteDetailsViewController.swift; sourceTree = "<group>"; };
		1FCEE5E62B0BD2B800A3965C /* CordinatesModel.swift */ = {isa = PBXFileReference; lastKnownFileType = sourcecode.swift; path = CordinatesModel.swift; sourceTree = "<group>"; };
		1FEF4BEE2AE3F16900DD9E90 /* GuideModel.swift */ = {isa = PBXFileReference; lastKnownFileType = sourcecode.swift; path = GuideModel.swift; sourceTree = "<group>"; };
		1FEF4BF02AE3F1C200DD9E90 /* GuideCell.swift */ = {isa = PBXFileReference; lastKnownFileType = sourcecode.swift; path = GuideCell.swift; sourceTree = "<group>"; };
		1FEF4BF22AE3FA9100DD9E90 /* GuideDetailsViewController.swift */ = {isa = PBXFileReference; lastKnownFileType = sourcecode.swift; path = GuideDetailsViewController.swift; sourceTree = "<group>"; };
		1FEF4BF42AE4060500DD9E90 /* MapModel.swift */ = {isa = PBXFileReference; lastKnownFileType = sourcecode.swift; path = MapModel.swift; sourceTree = "<group>"; };
		1FF32AE62ABB77C2008EB819 /* travel.me.app */ = {isa = PBXFileReference; explicitFileType = wrapper.application; includeInIndex = 0; path = travel.me.app; sourceTree = BUILT_PRODUCTS_DIR; };
		1FF32AE92ABB77C2008EB819 /* AppDelegate.swift */ = {isa = PBXFileReference; lastKnownFileType = sourcecode.swift; path = AppDelegate.swift; sourceTree = "<group>"; };
		1FF32AEB2ABB77C2008EB819 /* SceneDelegate.swift */ = {isa = PBXFileReference; lastKnownFileType = sourcecode.swift; path = SceneDelegate.swift; sourceTree = "<group>"; };
		1FF32AF22ABB77C4008EB819 /* Assets.xcassets */ = {isa = PBXFileReference; lastKnownFileType = folder.assetcatalog; path = Assets.xcassets; sourceTree = "<group>"; };
		1FF32AF52ABB77C4008EB819 /* Base */ = {isa = PBXFileReference; lastKnownFileType = file.storyboard; name = Base; path = Base.lproj/LaunchScreen.storyboard; sourceTree = "<group>"; };
		1FF32AF72ABB77C4008EB819 /* Info.plist */ = {isa = PBXFileReference; lastKnownFileType = text.plist.xml; path = Info.plist; sourceTree = "<group>"; };
		83FD404791F31D1DF1E0DCE3 /* Pods_travel_me.framework */ = {isa = PBXFileReference; explicitFileType = wrapper.framework; includeInIndex = 0; path = Pods_travel_me.framework; sourceTree = BUILT_PRODUCTS_DIR; };
		BD7EF2D29BEC5F583488218D /* Pods-travel.me.debug.xcconfig */ = {isa = PBXFileReference; includeInIndex = 1; lastKnownFileType = text.xcconfig; name = "Pods-travel.me.debug.xcconfig"; path = "Target Support Files/Pods-travel.me/Pods-travel.me.debug.xcconfig"; sourceTree = "<group>"; };
/* End PBXFileReference section */

/* Begin PBXFrameworksBuildPhase section */
		1FF32AE32ABB77C2008EB819 /* Frameworks */ = {
			isa = PBXFrameworksBuildPhase;
			buildActionMask = 2147483647;
			files = (
				CBE1F61A6195A5DAF3E661AF /* Pods_travel_me.framework in Frameworks */,
			);
			runOnlyForDeploymentPostprocessing = 0;
		};
/* End PBXFrameworksBuildPhase section */

/* Begin PBXGroup section */
		1F94AD7D2AC066F100D747A9 /* ViewControllers */ = {
			isa = PBXGroup;
			children = (
				1F94AD752AC05FB700D747A9 /* RoutesViewController.swift */,
				1F94AD8D2AC1FA8D00D747A9 /* RouteDetailsViewController.swift */,
				1F94AD772AC05FC100D747A9 /* GuidesViewController.swift */,
				1FEF4BF22AE3FA9100DD9E90 /* GuideDetailsViewController.swift */,
				1F94AD792AC0641D00D747A9 /* MapViewController.swift */,
				1F94AD7B2AC064A400D747A9 /* FavoritesViewController.swift */,
			);
			path = ViewControllers;
			sourceTree = "<group>";
		};
		1F94AD872AC0856F00D747A9 /* Cells */ = {
			isa = PBXGroup;
			children = (
				1F94AD882AC0859900D747A9 /* RouteCell.swift */,
				1FEF4BF02AE3F1C200DD9E90 /* GuideCell.swift */,
			);
			path = Cells;
			sourceTree = "<group>";
		};
		1F94AD8A2AC08F1B00D747A9 /* Models */ = {
			isa = PBXGroup;
			children = (
				1F94AD8B2AC08F5000D747A9 /* RouteModel.swift */,
				1FEF4BEE2AE3F16900DD9E90 /* GuideModel.swift */,
				1FEF4BF42AE4060500DD9E90 /* MapModel.swift */,
				1FCEE5E62B0BD2B800A3965C /* CordinatesModel.swift */,
			);
			path = Models;
			sourceTree = "<group>";
		};
		1FF32ADD2ABB77C2008EB819 = {
			isa = PBXGroup;
			children = (
				1FF32AE82ABB77C2008EB819 /* travel.me */,
				1FF32AE72ABB77C2008EB819 /* Products */,
				6F21D0528F13233C7C1E9A8D /* Pods */,
				9775D569133B5853E7078A1C /* Frameworks */,
			);
			sourceTree = "<group>";
		};
		1FF32AE72ABB77C2008EB819 /* Products */ = {
			isa = PBXGroup;
			children = (
				1FF32AE62ABB77C2008EB819 /* travel.me.app */,
			);
			name = Products;
			sourceTree = "<group>";
		};
		1FF32AE82ABB77C2008EB819 /* travel.me */ = {
			isa = PBXGroup;
			children = (
				1F94AD8A2AC08F1B00D747A9 /* Models */,
				1F94AD872AC0856F00D747A9 /* Cells */,
				1F94AD7D2AC066F100D747A9 /* ViewControllers */,
				1FF32AE92ABB77C2008EB819 /* AppDelegate.swift */,
				1FF32AEB2ABB77C2008EB819 /* SceneDelegate.swift */,
				1F94AD732AC05E1B00D747A9 /* TabbarController.swift */,
				1FF32AF22ABB77C4008EB819 /* Assets.xcassets */,
				1FF32AF42ABB77C4008EB819 /* LaunchScreen.storyboard */,
				1F3A4D532ADD91A3008B4680 /* GoogleService-Info.plist */,
				1FF32AF72ABB77C4008EB819 /* Info.plist */,
				1F3A4D512ADC8164008B4680 /* Environment.swift */,
			);
			path = travel.me;
			sourceTree = "<group>";
		};
		6F21D0528F13233C7C1E9A8D /* Pods */ = {
			isa = PBXGroup;
			children = (
				BD7EF2D29BEC5F583488218D /* Pods-travel.me.debug.xcconfig */,
				1BCEBEBDE8980AF0D4240D3B /* Pods-travel.me.release.xcconfig */,
			);
			path = Pods;
			sourceTree = "<group>";
		};
		9775D569133B5853E7078A1C /* Frameworks */ = {
			isa = PBXGroup;
			children = (
				83FD404791F31D1DF1E0DCE3 /* Pods_travel_me.framework */,
			);
			name = Frameworks;
			sourceTree = "<group>";
		};
/* End PBXGroup section */

/* Begin PBXNativeTarget section */
		1FF32AE52ABB77C2008EB819 /* travel.me */ = {
			isa = PBXNativeTarget;
			buildConfigurationList = 1FF32AFA2ABB77C4008EB819 /* Build configuration list for PBXNativeTarget "travel.me" */;
			buildPhases = (
				165F5EDCADE9FD8EACA86FE5 /* [CP] Check Pods Manifest.lock */,
				1FF32AE22ABB77C2008EB819 /* Sources */,
				1FF32AE32ABB77C2008EB819 /* Frameworks */,
				1FF32AE42ABB77C2008EB819 /* Resources */,
				98636DD106954580C4C0BC0B /* [CP] Embed Pods Frameworks */,
				82F05DAD2A2D564F308E1081 /* [CP] Copy Pods Resources */,
			);
			buildRules = (
			);
			dependencies = (
			);
			name = travel.me;
			productName = travel.me;
			productReference = 1FF32AE62ABB77C2008EB819 /* travel.me.app */;
			productType = "com.apple.product-type.application";
		};
/* End PBXNativeTarget section */

/* Begin PBXProject section */
		1FF32ADE2ABB77C2008EB819 /* Project object */ = {
			isa = PBXProject;
			attributes = {
				BuildIndependentTargetsInParallel = 1;
				LastSwiftUpdateCheck = 1430;
				LastUpgradeCheck = 1430;
				TargetAttributes = {
					1FF32AE52ABB77C2008EB819 = {
						CreatedOnToolsVersion = 14.3;
					};
				};
			};
			buildConfigurationList = 1FF32AE12ABB77C2008EB819 /* Build configuration list for PBXProject "travel.me" */;
			compatibilityVersion = "Xcode 14.0";
			developmentRegion = en;
			hasScannedForEncodings = 0;
			knownRegions = (
				en,
				Base,
			);
			mainGroup = 1FF32ADD2ABB77C2008EB819;
			productRefGroup = 1FF32AE72ABB77C2008EB819 /* Products */;
			projectDirPath = "";
			projectRoot = "";
			targets = (
				1FF32AE52ABB77C2008EB819 /* travel.me */,
			);
		};
/* End PBXProject section */

/* Begin PBXResourcesBuildPhase section */
		1FF32AE42ABB77C2008EB819 /* Resources */ = {
			isa = PBXResourcesBuildPhase;
			buildActionMask = 2147483647;
			files = (
				1FF32AF62ABB77C4008EB819 /* LaunchScreen.storyboard in Resources */,
				1FF32AF32ABB77C4008EB819 /* Assets.xcassets in Resources */,
				1F3A4D542ADD91A3008B4680 /* GoogleService-Info.plist in Resources */,
			);
			runOnlyForDeploymentPostprocessing = 0;
		};
/* End PBXResourcesBuildPhase section */

/* Begin PBXShellScriptBuildPhase section */
		165F5EDCADE9FD8EACA86FE5 /* [CP] Check Pods Manifest.lock */ = {
			isa = PBXShellScriptBuildPhase;
			buildActionMask = 2147483647;
			files = (
			);
			inputFileListPaths = (
			);
			inputPaths = (
				"${PODS_PODFILE_DIR_PATH}/Podfile.lock",
				"${PODS_ROOT}/Manifest.lock",
			);
			name = "[CP] Check Pods Manifest.lock";
			outputFileListPaths = (
			);
			outputPaths = (
				"$(DERIVED_FILE_DIR)/Pods-travel.me-checkManifestLockResult.txt",
			);
			runOnlyForDeploymentPostprocessing = 0;
			shellPath = /bin/sh;
			shellScript = "diff \"${PODS_PODFILE_DIR_PATH}/Podfile.lock\" \"${PODS_ROOT}/Manifest.lock\" > /dev/null\nif [ $? != 0 ] ; then\n    # print error to STDERR\n    echo \"error: The sandbox is not in sync with the Podfile.lock. Run 'pod install' or update your CocoaPods installation.\" >&2\n    exit 1\nfi\n# This output is used by Xcode 'outputs' to avoid re-running this script phase.\necho \"SUCCESS\" > \"${SCRIPT_OUTPUT_FILE_0}\"\n";
			showEnvVarsInLog = 0;
		};
		82F05DAD2A2D564F308E1081 /* [CP] Copy Pods Resources */ = {
			isa = PBXShellScriptBuildPhase;
			buildActionMask = 2147483647;
			files = (
			);
			inputFileListPaths = (
				"${PODS_ROOT}/Target Support Files/Pods-travel.me/Pods-travel.me-resources-${CONFIGURATION}-input-files.xcfilelist",
			);
			name = "[CP] Copy Pods Resources";
			outputFileListPaths = (
				"${PODS_ROOT}/Target Support Files/Pods-travel.me/Pods-travel.me-resources-${CONFIGURATION}-output-files.xcfilelist",
			);
			runOnlyForDeploymentPostprocessing = 0;
			shellPath = /bin/sh;
			shellScript = "\"${PODS_ROOT}/Target Support Files/Pods-travel.me/Pods-travel.me-resources.sh\"\n";
			showEnvVarsInLog = 0;
		};
		98636DD106954580C4C0BC0B /* [CP] Embed Pods Frameworks */ = {
			isa = PBXShellScriptBuildPhase;
			buildActionMask = 2147483647;
			files = (
			);
			inputFileListPaths = (
				"${PODS_ROOT}/Target Support Files/Pods-travel.me/Pods-travel.me-frameworks-${CONFIGURATION}-input-files.xcfilelist",
			);
			name = "[CP] Embed Pods Frameworks";
			outputFileListPaths = (
				"${PODS_ROOT}/Target Support Files/Pods-travel.me/Pods-travel.me-frameworks-${CONFIGURATION}-output-files.xcfilelist",
			);
			runOnlyForDeploymentPostprocessing = 0;
			shellPath = /bin/sh;
			shellScript = "\"${PODS_ROOT}/Target Support Files/Pods-travel.me/Pods-travel.me-frameworks.sh\"\n";
			showEnvVarsInLog = 0;
		};
/* End PBXShellScriptBuildPhase section */

/* Begin PBXSourcesBuildPhase section */
		1FF32AE22ABB77C2008EB819 /* Sources */ = {
			isa = PBXSourcesBuildPhase;
			buildActionMask = 2147483647;
			files = (
				1F94AD742AC05E1B00D747A9 /* TabbarController.swift in Sources */,
				1FEF4BF52AE4060500DD9E90 /* MapModel.swift in Sources */,
				1F94AD7A2AC0641D00D747A9 /* MapViewController.swift in Sources */,
				1F94AD8C2AC08F5000D747A9 /* RouteModel.swift in Sources */,
				1F94AD7C2AC064A400D747A9 /* FavoritesViewController.swift in Sources */,
				1FF32AEA2ABB77C2008EB819 /* AppDelegate.swift in Sources */,
				1F94AD892AC0859900D747A9 /* RouteCell.swift in Sources */,
				1FEF4BF32AE3FA9100DD9E90 /* GuideDetailsViewController.swift in Sources */,
				1FF32AEC2ABB77C2008EB819 /* SceneDelegate.swift in Sources */,
				1F3A4D522ADC8164008B4680 /* Environment.swift in Sources */,
				1F94AD762AC05FB700D747A9 /* RoutesViewController.swift in Sources */,
				1F94AD8E2AC1FA8D00D747A9 /* RouteDetailsViewController.swift in Sources */,
				1FEF4BF12AE3F1C200DD9E90 /* GuideCell.swift in Sources */,
				1FCEE5E72B0BD2B800A3965C /* CordinatesModel.swift in Sources */,
				1FEF4BEF2AE3F16900DD9E90 /* GuideModel.swift in Sources */,
				1F94AD782AC05FC100D747A9 /* GuidesViewController.swift in Sources */,
			);
			runOnlyForDeploymentPostprocessing = 0;
		};
/* End PBXSourcesBuildPhase section */

/* Begin PBXVariantGroup section */
		1FF32AF42ABB77C4008EB819 /* LaunchScreen.storyboard */ = {
			isa = PBXVariantGroup;
			children = (
				1FF32AF52ABB77C4008EB819 /* Base */,
			);
			name = LaunchScreen.storyboard;
			sourceTree = "<group>";
		};
/* End PBXVariantGroup section */

/* Begin XCBuildConfiguration section */
		1FF32AF82ABB77C4008EB819 /* Debug */ = {
			isa = XCBuildConfiguration;
			buildSettings = {
				ALWAYS_SEARCH_USER_PATHS = NO;
				CLANG_ANALYZER_NONNULL = YES;
				CLANG_ANALYZER_NUMBER_OBJECT_CONVERSION = YES_AGGRESSIVE;
				CLANG_CXX_LANGUAGE_STANDARD = "gnu++20";
				CLANG_ENABLE_MODULES = YES;
				CLANG_ENABLE_OBJC_ARC = YES;
				CLANG_ENABLE_OBJC_WEAK = YES;
				CLANG_WARN_BLOCK_CAPTURE_AUTORELEASING = YES;
				CLANG_WARN_BOOL_CONVERSION = YES;
				CLANG_WARN_COMMA = YES;
				CLANG_WARN_CONSTANT_CONVERSION = YES;
				CLANG_WARN_DEPRECATED_OBJC_IMPLEMENTATIONS = YES;
				CLANG_WARN_DIRECT_OBJC_ISA_USAGE = YES_ERROR;
				CLANG_WARN_DOCUMENTATION_COMMENTS = YES;
				CLANG_WARN_EMPTY_BODY = YES;
				CLANG_WARN_ENUM_CONVERSION = YES;
				CLANG_WARN_INFINITE_RECURSION = YES;
				CLANG_WARN_INT_CONVERSION = YES;
				CLANG_WARN_NON_LITERAL_NULL_CONVERSION = YES;
				CLANG_WARN_OBJC_IMPLICIT_RETAIN_SELF = YES;
				CLANG_WARN_OBJC_LITERAL_CONVERSION = YES;
				CLANG_WARN_OBJC_ROOT_CLASS = YES_ERROR;
				CLANG_WARN_QUOTED_INCLUDE_IN_FRAMEWORK_HEADER = YES;
				CLANG_WARN_RANGE_LOOP_ANALYSIS = YES;
				CLANG_WARN_STRICT_PROTOTYPES = YES;
				CLANG_WARN_SUSPICIOUS_MOVE = YES;
				CLANG_WARN_UNGUARDED_AVAILABILITY = YES_AGGRESSIVE;
				CLANG_WARN_UNREACHABLE_CODE = YES;
				CLANG_WARN__DUPLICATE_METHOD_MATCH = YES;
				COPY_PHASE_STRIP = NO;
				DEBUG_INFORMATION_FORMAT = dwarf;
				ENABLE_STRICT_OBJC_MSGSEND = YES;
				ENABLE_TESTABILITY = YES;
				GCC_C_LANGUAGE_STANDARD = gnu11;
				GCC_DYNAMIC_NO_PIC = NO;
				GCC_NO_COMMON_BLOCKS = YES;
				GCC_OPTIMIZATION_LEVEL = 0;
				GCC_PREPROCESSOR_DEFINITIONS = (
					"DEBUG=1",
					"$(inherited)",
				);
				GCC_WARN_64_TO_32_BIT_CONVERSION = YES;
				GCC_WARN_ABOUT_RETURN_TYPE = YES_ERROR;
				GCC_WARN_UNDECLARED_SELECTOR = YES;
				GCC_WARN_UNINITIALIZED_AUTOS = YES_AGGRESSIVE;
				GCC_WARN_UNUSED_FUNCTION = YES;
				GCC_WARN_UNUSED_VARIABLE = YES;
				IPHONEOS_DEPLOYMENT_TARGET = 16.4;
				MTL_ENABLE_DEBUG_INFO = INCLUDE_SOURCE;
				MTL_FAST_MATH = YES;
				ONLY_ACTIVE_ARCH = YES;
				SDKROOT = iphoneos;
				SWIFT_ACTIVE_COMPILATION_CONDITIONS = DEBUG;
				SWIFT_OPTIMIZATION_LEVEL = "-Onone";
			};
			name = Debug;
		};
		1FF32AF92ABB77C4008EB819 /* Release */ = {
			isa = XCBuildConfiguration;
			buildSettings = {
				ALWAYS_SEARCH_USER_PATHS = NO;
				CLANG_ANALYZER_NONNULL = YES;
				CLANG_ANALYZER_NUMBER_OBJECT_CONVERSION = YES_AGGRESSIVE;
				CLANG_CXX_LANGUAGE_STANDARD = "gnu++20";
				CLANG_ENABLE_MODULES = YES;
				CLANG_ENABLE_OBJC_ARC = YES;
				CLANG_ENABLE_OBJC_WEAK = YES;
				CLANG_WARN_BLOCK_CAPTURE_AUTORELEASING = YES;
				CLANG_WARN_BOOL_CONVERSION = YES;
				CLANG_WARN_COMMA = YES;
				CLANG_WARN_CONSTANT_CONVERSION = YES;
				CLANG_WARN_DEPRECATED_OBJC_IMPLEMENTATIONS = YES;
				CLANG_WARN_DIRECT_OBJC_ISA_USAGE = YES_ERROR;
				CLANG_WARN_DOCUMENTATION_COMMENTS = YES;
				CLANG_WARN_EMPTY_BODY = YES;
				CLANG_WARN_ENUM_CONVERSION = YES;
				CLANG_WARN_INFINITE_RECURSION = YES;
				CLANG_WARN_INT_CONVERSION = YES;
				CLANG_WARN_NON_LITERAL_NULL_CONVERSION = YES;
				CLANG_WARN_OBJC_IMPLICIT_RETAIN_SELF = YES;
				CLANG_WARN_OBJC_LITERAL_CONVERSION = YES;
				CLANG_WARN_OBJC_ROOT_CLASS = YES_ERROR;
				CLANG_WARN_QUOTED_INCLUDE_IN_FRAMEWORK_HEADER = YES;
				CLANG_WARN_RANGE_LOOP_ANALYSIS = YES;
				CLANG_WARN_STRICT_PROTOTYPES = YES;
				CLANG_WARN_SUSPICIOUS_MOVE = YES;
				CLANG_WARN_UNGUARDED_AVAILABILITY = YES_AGGRESSIVE;
				CLANG_WARN_UNREACHABLE_CODE = YES;
				CLANG_WARN__DUPLICATE_METHOD_MATCH = YES;
				COPY_PHASE_STRIP = NO;
				DEBUG_INFORMATION_FORMAT = "dwarf-with-dsym";
				ENABLE_NS_ASSERTIONS = NO;
				ENABLE_STRICT_OBJC_MSGSEND = YES;
				GCC_C_LANGUAGE_STANDARD = gnu11;
				GCC_NO_COMMON_BLOCKS = YES;
				GCC_WARN_64_TO_32_BIT_CONVERSION = YES;
				GCC_WARN_ABOUT_RETURN_TYPE = YES_ERROR;
				GCC_WARN_UNDECLARED_SELECTOR = YES;
				GCC_WARN_UNINITIALIZED_AUTOS = YES_AGGRESSIVE;
				GCC_WARN_UNUSED_FUNCTION = YES;
				GCC_WARN_UNUSED_VARIABLE = YES;
				IPHONEOS_DEPLOYMENT_TARGET = 16.4;
				MTL_ENABLE_DEBUG_INFO = NO;
				MTL_FAST_MATH = YES;
				SDKROOT = iphoneos;
				SWIFT_COMPILATION_MODE = wholemodule;
				SWIFT_OPTIMIZATION_LEVEL = "-O";
				VALIDATE_PRODUCT = YES;
			};
			name = Release;
		};
		1FF32AFB2ABB77C4008EB819 /* Debug */ = {
			isa = XCBuildConfiguration;
			baseConfigurationReference = BD7EF2D29BEC5F583488218D /* Pods-travel.me.debug.xcconfig */;
			buildSettings = {
				ASSETCATALOG_COMPILER_APPICON_NAME = AppIcon;
				ASSETCATALOG_COMPILER_GLOBAL_ACCENT_COLOR_NAME = AccentColor;
				CODE_SIGN_STYLE = Automatic;
				CURRENT_PROJECT_VERSION = 1;
				DEVELOPMENT_TEAM = HTU22528BG;
				GENERATE_INFOPLIST_FILE = YES;
				INFOPLIST_FILE = travel.me/Info.plist;
				INFOPLIST_KEY_UIApplicationSupportsIndirectInputEvents = YES;
				INFOPLIST_KEY_UILaunchStoryboardName = LaunchScreen;
				INFOPLIST_KEY_UISupportedInterfaceOrientations_iPad = "UIInterfaceOrientationPortrait UIInterfaceOrientationPortraitUpsideDown UIInterfaceOrientationLandscapeLeft UIInterfaceOrientationLandscapeRight";
				INFOPLIST_KEY_UISupportedInterfaceOrientations_iPhone = "UIInterfaceOrientationPortrait UIInterfaceOrientationLandscapeLeft UIInterfaceOrientationLandscapeRight";
				LD_RUNPATH_SEARCH_PATHS = (
					"$(inherited)",
					"@executable_path/Frameworks",
				);
				MARKETING_VERSION = 1.0;
				PRODUCT_BUNDLE_IDENTIFIER = "com.Serabrakova.travel-me";
				PRODUCT_NAME = "$(TARGET_NAME)";
				SWIFT_EMIT_LOC_STRINGS = YES;
				SWIFT_VERSION = 5.0;
				TARGETED_DEVICE_FAMILY = "1,2";
			};
			name = Debug;
		};
		1FF32AFC2ABB77C4008EB819 /* Release */ = {
			isa = XCBuildConfiguration;
			baseConfigurationReference = 1BCEBEBDE8980AF0D4240D3B /* Pods-travel.me.release.xcconfig */;
			buildSettings = {
				ASSETCATALOG_COMPILER_APPICON_NAME = AppIcon;
				ASSETCATALOG_COMPILER_GLOBAL_ACCENT_COLOR_NAME = AccentColor;
				CODE_SIGN_STYLE = Automatic;
				CURRENT_PROJECT_VERSION = 1;
				DEVELOPMENT_TEAM = HTU22528BG;
				GENERATE_INFOPLIST_FILE = YES;
				INFOPLIST_FILE = travel.me/Info.plist;
				INFOPLIST_KEY_UIApplicationSupportsIndirectInputEvents = YES;
				INFOPLIST_KEY_UILaunchStoryboardName = LaunchScreen;
				INFOPLIST_KEY_UISupportedInterfaceOrientations_iPad = "UIInterfaceOrientationPortrait UIInterfaceOrientationPortraitUpsideDown UIInterfaceOrientationLandscapeLeft UIInterfaceOrientationLandscapeRight";
				INFOPLIST_KEY_UISupportedInterfaceOrientations_iPhone = "UIInterfaceOrientationPortrait UIInterfaceOrientationLandscapeLeft UIInterfaceOrientationLandscapeRight";
				LD_RUNPATH_SEARCH_PATHS = (
					"$(inherited)",
					"@executable_path/Frameworks",
				);
				MARKETING_VERSION = 1.0;
				PRODUCT_BUNDLE_IDENTIFIER = "com.Serabrakova.travel-me";
				PRODUCT_NAME = "$(TARGET_NAME)";
				SWIFT_EMIT_LOC_STRINGS = YES;
				SWIFT_VERSION = 5.0;
				TARGETED_DEVICE_FAMILY = "1,2";
			};
			name = Release;
		};
/* End XCBuildConfiguration section */

/* Begin XCConfigurationList section */
		1FF32AE12ABB77C2008EB819 /* Build configuration list for PBXProject "travel.me" */ = {
			isa = XCConfigurationList;
			buildConfigurations = (
				1FF32AF82ABB77C4008EB819 /* Debug */,
				1FF32AF92ABB77C4008EB819 /* Release */,
			);
			defaultConfigurationIsVisible = 0;
			defaultConfigurationName = Release;
		};
		1FF32AFA2ABB77C4008EB819 /* Build configuration list for PBXNativeTarget "travel.me" */ = {
			isa = XCConfigurationList;
			buildConfigurations = (
				1FF32AFB2ABB77C4008EB819 /* Debug */,
				1FF32AFC2ABB77C4008EB819 /* Release */,
			);
			defaultConfigurationIsVisible = 0;
			defaultConfigurationName = Release;
		};
/* End XCConfigurationList section */
	};
	rootObject = 1FF32ADE2ABB77C2008EB819 /* Project object */;
}
